// !$*UTF8*$!
{
	archiveVersion = 1;
	classes = {
	};
	objectVersion = 46;
	objects = {

/* Begin PBXBuildFile section */
		3545643A1CDBA8B700F34991 /* AppDelegate.swift in Sources */ = {isa = PBXBuildFile; fileRef = 354564391CDBA8B700F34991 /* AppDelegate.swift */; };
		3545643C1CDBA8B700F34991 /* FaceViewController.swift in Sources */ = {isa = PBXBuildFile; fileRef = 3545643B1CDBA8B700F34991 /* FaceViewController.swift */; };
		3545643F1CDBA8B700F34991 /* Main.storyboard in Resources */ = {isa = PBXBuildFile; fileRef = 3545643D1CDBA8B700F34991 /* Main.storyboard */; };
		354564411CDBA8B700F34991 /* Assets.xcassets in Resources */ = {isa = PBXBuildFile; fileRef = 354564401CDBA8B700F34991 /* Assets.xcassets */; };
		354564441CDBA8B700F34991 /* LaunchScreen.storyboard in Resources */ = {isa = PBXBuildFile; fileRef = 354564421CDBA8B700F34991 /* LaunchScreen.storyboard */; };
		3545644D1CDBA98100F34991 /* FaceView.swift in Sources */ = {isa = PBXBuildFile; fileRef = 3545644C1CDBA98100F34991 /* FaceView.swift */; };
/* End PBXBuildFile section */

/* Begin PBXFileReference section */
		354564361CDBA8B700F34991 /* FaceIt.app */ = {isa = PBXFileReference; explicitFileType = wrapper.application; includeInIndex = 0; path = FaceIt.app; sourceTree = BUILT_PRODUCTS_DIR; };
		354564391CDBA8B700F34991 /* AppDelegate.swift */ = {isa = PBXFileReference; lastKnownFileType = sourcecode.swift; path = AppDelegate.swift; sourceTree = "<group>"; };
		3545643B1CDBA8B700F34991 /* FaceViewController.swift */ = {isa = PBXFileReference; lastKnownFileType = sourcecode.swift; path = FaceViewController.swift; sourceTree = "<group>"; };
		3545643E1CDBA8B700F34991 /* Base */ = {isa = PBXFileReference; lastKnownFileType = file.storyboard; name = Base; path = Base.lproj/Main.storyboard; sourceTree = "<group>"; };
		354564401CDBA8B700F34991 /* Assets.xcassets */ = {isa = PBXFileReference; lastKnownFileType = folder.assetcatalog; path = Assets.xcassets; sourceTree = "<group>"; };
		354564431CDBA8B700F34991 /* Base */ = {isa = PBXFileReference; lastKnownFileType = file.storyboard; name = Base; path = Base.lproj/LaunchScreen.storyboard; sourceTree = "<group>"; };
		354564451CDBA8B700F34991 /* Info.plist */ = {isa = PBXFileReference; lastKnownFileType = text.plist.xml; path = Info.plist; sourceTree = "<group>"; };
		3545644C1CDBA98100F34991 /* FaceView.swift */ = {isa = PBXFileReference; fileEncoding = 4; lastKnownFileType = sourcecode.swift; path = FaceView.swift; sourceTree = "<group>"; };
/* End PBXFileReference section */

/* Begin PBXFrameworksBuildPhase section */
		354564331CDBA8B700F34991 /* Frameworks */ = {
			isa = PBXFrameworksBuildPhase;
			buildActionMask = 2147483647;
			files = (
			);
			runOnlyForDeploymentPostprocessing = 0;
		};
/* End PBXFrameworksBuildPhase section */

/* Begin PBXGroup section */
		3545642D1CDBA8B700F34991 = {
			isa = PBXGroup;
			children = (
				354564381CDBA8B700F34991 /* FaceIt */,
				354564371CDBA8B700F34991 /* Products */,
			);
			sourceTree = "<group>";
		};
		354564371CDBA8B700F34991 /* Products */ = {
			isa = PBXGroup;
			children = (
				354564361CDBA8B700F34991 /* FaceIt.app */,
			);
			name = Products;
			sourceTree = "<group>";
		};
		354564381CDBA8B700F34991 /* FaceIt */ = {
			isa = PBXGroup;
			children = (
				3545643B1CDBA8B700F34991 /* FaceViewController.swift */,
				3545644C1CDBA98100F34991 /* FaceView.swift */,
				3545643D1CDBA8B700F34991 /* Main.storyboard */,
				3545644B1CDBA8CF00F34991 /* Supporting Files */,
			);
			path = FaceIt;
			sourceTree = "<group>";
		};
		3545644B1CDBA8CF00F34991 /* Supporting Files */ = {
			isa = PBXGroup;
			children = (
				354564391CDBA8B700F34991 /* AppDelegate.swift */,
				354564401CDBA8B700F34991 /* Assets.xcassets */,
				354564421CDBA8B700F34991 /* LaunchScreen.storyboard */,
				354564451CDBA8B700F34991 /* Info.plist */,
			);
			name = "Supporting Files";
			sourceTree = "<group>";
		};
/* End PBXGroup section */

/* Begin PBXNativeTarget section */
		354564351CDBA8B700F34991 /* FaceIt */ = {
			isa = PBXNativeTarget;
			buildConfigurationList = 354564481CDBA8B700F34991 /* Build configuration list for PBXNativeTarget "FaceIt" */;
			buildPhases = (
				354564321CDBA8B700F34991 /* Sources */,
				354564331CDBA8B700F34991 /* Frameworks */,
				354564341CDBA8B700F34991 /* Resources */,
			);
			buildRules = (
			);
			dependencies = (
			);
			name = FaceIt;
			productName = FaceIt;
			productReference = 354564361CDBA8B700F34991 /* FaceIt.app */;
			productType = "com.apple.product-type.application";
		};
/* End PBXNativeTarget section */

/* Begin PBXProject section */
		3545642E1CDBA8B700F34991 /* Project object */ = {
			isa = PBXProject;
			attributes = {
				LastSwiftUpdateCheck = 0720;
				LastUpgradeCheck = 0720;
				ORGANIZATIONNAME = "Stanley Petley";
				TargetAttributes = {
					354564351CDBA8B700F34991 = {
						CreatedOnToolsVersion = 7.2;
					};
				};
			};
			buildConfigurationList = 354564311CDBA8B700F34991 /* Build configuration list for PBXProject "FaceIt" */;
			compatibilityVersion = "Xcode 3.2";
			developmentRegion = English;
			hasScannedForEncodings = 0;
			knownRegions = (
				en,
				Base,
			);
			mainGroup = 3545642D1CDBA8B700F34991;
			productRefGroup = 354564371CDBA8B700F34991 /* Products */;
			projectDirPath = "";
			projectRoot = "";
			targets = (
				354564351CDBA8B700F34991 /* FaceIt */,
			);
		};
/* End PBXProject section */

/* Begin PBXResourcesBuildPhase section */
		354564341CDBA8B700F34991 /* Resources */ = {
			isa = PBXResourcesBuildPhase;
			buildActionMask = 2147483647;
			files = (
				354564441CDBA8B700F34991 /* LaunchScreen.storyboard in Resources */,
				354564411CDBA8B700F34991 /* Assets.xcassets in Resources */,
				3545643F1CDBA8B700F34991 /* Main.storyboard in Resources */,
			);
			runOnlyForDeploymentPostprocessing = 0;
		};
/* End PBXResourcesBuildPhase section */

/* Begin PBXSourcesBuildPhase section */
		354564321CDBA8B700F34991 /* Sources */ = {
			isa = PBXSourcesBuildPhase;
			buildActionMask = 2147483647;
			files = (
				3545643C1CDBA8B700F34991 /* FaceViewController.swift in Sources */,
				3545643A1CDBA8B700F34991 /* AppDelegate.swift in Sources */,
				3545644D1CDBA98100F34991 /* FaceView.swift in Sources */,
			);
			runOnlyForDeploymentPostprocessing = 0;
		};
/* End PBXSourcesBuildPhase section */

/* Begin PBXVariantGroup section */
		3545643D1CDBA8B700F34991 /* Main.storyboard */ = {
			isa = PBXVariantGroup;
			children = (
				3545643E1CDBA8B700F34991 /* Base */,
			);
			name = Main.storyboard;
			sourceTree = "<group>";
		};
		354564421CDBA8B700F34991 /* LaunchScreen.storyboard */ = {
			isa = PBXVariantGroup;
			children = (
				354564431CDBA8B700F34991 /* Base */,
			);
			name = LaunchScreen.storyboard;
			sourceTree = "<group>";
		};
/* End PBXVariantGroup section */

/* Begin XCBuildConfiguration section */
		354564461CDBA8B700F34991 /* Debug */ = {
			isa = XCBuildConfiguration;
			buildSettings = {
				ALWAYS_SEARCH_USER_PATHS = NO;
				CLANG_CXX_LANGUAGE_STANDARD = "gnu++0x";
				CLANG_CXX_LIBRARY = "libc++";
				CLANG_ENABLE_MODULES = YES;
				CLANG_ENABLE_OBJC_ARC = YES;
				CLANG_WARN_BOOL_CONVERSION = YES;
				CLANG_WARN_CONSTANT_CONVERSION = YES;
				CLANG_WARN_DIRECT_OBJC_ISA_USAGE = YES_ERROR;
				CLANG_WARN_EMPTY_BODY = YES;
				CLANG_WARN_ENUM_CONVERSION = YES;
				CLANG_WARN_INT_CONVERSION = YES;
				CLANG_WARN_OBJC_ROOT_CLASS = YES_ERROR;
				CLANG_WARN_UNREACHABLE_CODE = YES;
				CLANG_WARN__DUPLICATE_METHOD_MATCH = YES;
				"CODE_SIGN_IDENTITY[sdk=iphoneos*]" = "iPhone Developer";
				COPY_PHASE_STRIP = NO;
				DEBUG_INFORMATION_FORMAT = dwarf;
				ENABLE_STRICT_OBJC_MSGSEND = YES;
				ENABLE_TESTABILITY = YES;
				GCC_C_LANGUAGE_STANDARD = gnu99;
				GCC_DYNAMIC_NO_PIC = NO;
				GCC_NO_COMMON_BLOCKS = YES;
				GCC_OPTIMIZATION_LEVEL = 0;
				GCC_PREPROCESSOR_DEFINITIONS = (
					"DEBUG=1",
					"$(inherited)",
				);
				GCC_WARN_64_TO_32_BIT_CONVERSION = YES;
				GCC_WARN_ABOUT_RETURN_TYPE = YES_ERROR;
				GCC_WARN_UNDECLARED_SELECTOR = YES;
				GCC_WARN_UNINITIALIZED_AUTOS = YES_AGGRESSIVE;
				GCC_WARN_UNUSED_FUNCTION = YES;
				GCC_WARN_UNUSED_VARIABLE = YES;
				IPHONEOS_DEPLOYMENT_TARGET = 9.2;
				MTL_ENABLE_DEBUG_INFO = YES;
				ONLY_ACTIVE_ARCH = YES;
				SDKROOT = iphoneos;
				SWIFT_OPTIMIZATION_LEVEL = "-Onone";
				TARGETED_DEVICE_FAMILY = "1,2";
			};
			name = Debug;
		};
		354564471CDBA8B700F34991 /* Release */ = {
			isa = XCBuildConfiguration;
			buildSettings = {
				ALWAYS_SEARCH_USER_PATHS = NO;
				CLANG_CXX_LANGUAGE_STANDARD = "gnu++0x";
				CLANG_CXX_LIBRARY = "libc++";
				CLANG_ENABLE_MODULES = YES;
				CLANG_ENABLE_OBJC_ARC = YES;
				CLANG_WARN_BOOL_CONVERSION = YES;
				CLANG_WARN_CONSTANT_CONVERSION = YES;
				CLANG_WARN_DIRECT_OBJC_ISA_USAGE = YES_ERROR;
				CLANG_WARN_EMPTY_BODY = YES;
				CLANG_WARN_ENUM_CONVERSION = YES;
				CLANG_WARN_INT_CONVERSION = YES;
				CLANG_WARN_OBJC_ROOT_CLASS = YES_ERROR;
				CLANG_WARN_UNREACHABLE_CODE = YES;
				CLANG_WARN__DUPLICATE_METHOD_MATCH = YES;
				"CODE_SIGN_IDENTITY[sdk=iphoneos*]" = "iPhone Developer";
				COPY_PHASE_STRIP = NO;
				DEBUG_INFORMATION_FORMAT = "dwarf-with-dsym";
				ENABLE_NS_ASSERTIONS = NO;
				ENABLE_STRICT_OBJC_MSGSEND = YES;
				GCC_C_LANGUAGE_STANDARD = gnu99;
				GCC_NO_COMMON_BLOCKS = YES;
				GCC_WARN_64_TO_32_BIT_CONVERSION = YES;
				GCC_WARN_ABOUT_RETURN_TYPE = YES_ERROR;
				GCC_WARN_UNDECLARED_SELECTOR = YES;
				GCC_WARN_UNINITIALIZED_AUTOS = YES_AGGRESSIVE;
				GCC_WARN_UNUSED_FUNCTION = YES;
				GCC_WARN_UNUSED_VARIABLE = YES;
				IPHONEOS_DEPLOYMENT_TARGET = 9.2;
				MTL_ENABLE_DEBUG_INFO = NO;
				SDKROOT = iphoneos;
				TARGETED_DEVICE_FAMILY = "1,2";
				VALIDATE_PRODUCT = YES;
			};
			name = Release;
		};
		354564491CDBA8B700F34991 /* Debug */ = {
			isa = XCBuildConfiguration;
			buildSettings = {
				ASSETCATALOG_COMPILER_APPICON_NAME = AppIcon;
				INFOPLIST_FILE = FaceIt/Info.plist;
				LD_RUNPATH_SEARCH_PATHS = "$(inherited) @executable_path/Frameworks";
				PRODUCT_BUNDLE_IDENTIFIER = com.stroypet.FaceIt;
				PRODUCT_NAME = "$(TARGET_NAME)";
			};
			name = Debug;
		};
		3545644A1CDBA8B700F34991 /* Release */ = {
			isa = XCBuildConfiguration;
			buildSettings = {
				ASSETCATALOG_COMPILER_APPICON_NAME = AppIcon;
				INFOPLIST_FILE = FaceIt/Info.plist;
				LD_RUNPATH_SEARCH_PATHS = "$(inherited) @executable_path/Frameworks";
				PRODUCT_BUNDLE_IDENTIFIER = com.stroypet.FaceIt;
				PRODUCT_NAME = "$(TARGET_NAME)";
			};
			name = Release;
		};
/* End XCBuildConfiguration section */

/* Begin XCConfigurationList section */
		354564311CDBA8B700F34991 /* Build configuration list for PBXProject "FaceIt" */ = {
			isa = XCConfigurationList;
			buildConfigurations = (
				354564461CDBA8B700F34991 /* Debug */,
				354564471CDBA8B700F34991 /* Release */,
			);
			defaultConfigurationIsVisible = 0;
			defaultConfigurationName = Release;
		};
		354564481CDBA8B700F34991 /* Build configuration list for PBXNativeTarget "FaceIt" */ = {
			isa = XCConfigurationList;
			buildConfigurations = (
				354564491CDBA8B700F34991 /* Debug */,
				3545644A1CDBA8B700F34991 /* Release */,
			);
			defaultConfigurationIsVisible = 0;
		};
/* End XCConfigurationList section */
	};
	rootObject = 3545642E1CDBA8B700F34991 /* Project object */;
}
